
Microsoft Visual Studio Solution File, Format Version 12.00
# Visual Studio Version 16
VisualStudioVersion = 16.0.30907.101
MinimumVisualStudioVersion = 10.0.40219.1
Project("{2150E333-8FDC-42A3-9474-1A3956D46DE8}") = "ColorModelsConverter", "ColorModelsConverter", "{29D512DF-137C-4CDD-BB43-AC541F4F4610}"
EndProject
Project("{2150E333-8FDC-42A3-9474-1A3956D46DE8}") = "Application", "Application", "{26752566-F78E-4664-978D-02168DCC7F2B}"
EndProject
Project("{2150E333-8FDC-42A3-9474-1A3956D46DE8}") = "Domain", "Domain", "{96E4A4EB-6D6F-4E5B-A655-A686414172FA}"
EndProject
Project("{2150E333-8FDC-42A3-9474-1A3956D46DE8}") = "Hosts", "Hosts", "{B99B76C1-23BE-45C1-B137-6BAA78F65AB2}"
EndProject
Project("{2150E333-8FDC-42A3-9474-1A3956D46DE8}") = "Infrastructure", "Infrastructure", "{FE6B69D7-B114-4ED0-A947-FFB0205B299C}"
EndProject
Project("{2150E333-8FDC-42A3-9474-1A3956D46DE8}") = "Contracts", "Contracts", "{C7E6CCA6-D926-4C95-B377-5050C9D41B7F}"
EndProject
Project("{9A19103F-16F7-4668-BE54-9A1E7A4F7556}") = "ColorModelsConverter.Application", "ColorModelsConverter.Application\ColorModelsConverter.Application.csproj", "{B4DAA84B-BF8C-4704-A85B-65BFB01A77CF}"
EndProject
Project("{9A19103F-16F7-4668-BE54-9A1E7A4F7556}") = "ColorModelsConverter.Domain", "ColorModelsConverter.Domain\ColorModelsConverter.Domain.csproj", "{483C55E6-427F-47A9-9FF8-345766D2AA9D}"
EndProject
Project("{FAE04EC0-301F-11D3-BF4B-00C04F79EFBC}") = "ColorModelsConverter.Gui", "ColorModelsConverter.Gui\ColorModelsConverter.Gui.csproj", "{CD15F3D8-082D-4FD8-9034-B5992B7AD3BE}"
EndProject
Project("{2150E333-8FDC-42A3-9474-1A3956D46DE8}") = "PaintingAnalyzer", "PaintingAnalyzer", "{2FAB710A-2F15-45EA-BF83-AAEDFB3644F8}"
	ProjectSection(SolutionItems) = preProject
		PaintingAnalyzer.TODO.txt = PaintingAnalyzer.TODO.txt
	EndProjectSection
EndProject
Project("{2150E333-8FDC-42A3-9474-1A3956D46DE8}") = "Application", "Application", "{D5661BC2-CB6C-4917-8645-70B0AB239205}"
EndProject
Project("{2150E333-8FDC-42A3-9474-1A3956D46DE8}") = "Hosts", "Hosts", "{7DA30F94-24F0-4980-839A-9843E06229DA}"
EndProject
Project("{FAE04EC0-301F-11D3-BF4B-00C04F79EFBC}") = "PaintingAnalyzer.Gui", "PaintingAnalyzer.Gui\PaintingAnalyzer.Gui.csproj", "{412ACE16-AE58-4B19-88B1-347A9917EBDC}"
EndProject
Project("{2150E333-8FDC-42A3-9474-1A3956D46DE8}") = "Domain", "Domain", "{E77B024C-EB4F-4082-8C5F-662BE6DA9BAB}"
EndProject
Project("{2150E333-8FDC-42A3-9474-1A3956D46DE8}") = "Infrastructure", "Infrastructure", "{51F4D16A-A57F-4051-BA6B-420A28096DBC}"
EndProject
Project("{2150E333-8FDC-42A3-9474-1A3956D46DE8}") = "Contracts", "Contracts", "{27AF344C-4E73-4EA9-B632-06CCEAE2CB33}"
EndProject
Project("{2150E333-8FDC-42A3-9474-1A3956D46DE8}") = "Tests", "Tests", "{740CA88D-991E-492C-81AE-ECA05B6C207E}"
EndProject
Project("{9A19103F-16F7-4668-BE54-9A1E7A4F7556}") = "ColorModelsConverter.Tests", "ColorModelsConverter.Tests\ColorModelsConverter.Tests.csproj", "{FE57541C-B54D-4B88-8821-E508C1CBB480}"
EndProject
Project("{2150E333-8FDC-42A3-9474-1A3956D46DE8}") = "Tests", "Tests", "{E32270CA-1416-41DA-97F1-0CB807B84E80}"
EndProject
Project("{2150E333-8FDC-42A3-9474-1A3956D46DE8}") = "PaletteBuilder", "PaletteBuilder", "{11EF716B-5C23-4C63-99EB-4A3E5BA44DA5}"
	ProjectSection(SolutionItems) = preProject
		PaletteBuilder.TODO.txt = PaletteBuilder.TODO.txt
	EndProjectSection
EndProject
Project("{2150E333-8FDC-42A3-9474-1A3956D46DE8}") = "PaintErrorFinder", "PaintErrorFinder", "{06D0D475-7983-4990-9390-72424531CB3F}"
EndProject
Global
	GlobalSection(SolutionConfigurationPlatforms) = preSolution
		Debug|Any CPU = Debug|Any CPU
		Release|Any CPU = Release|Any CPU
	EndGlobalSection
	GlobalSection(ProjectConfigurationPlatforms) = postSolution
		{B4DAA84B-BF8C-4704-A85B-65BFB01A77CF}.Debug|Any CPU.ActiveCfg = Debug|Any CPU
		{B4DAA84B-BF8C-4704-A85B-65BFB01A77CF}.Debug|Any CPU.Build.0 = Debug|Any CPU
		{B4DAA84B-BF8C-4704-A85B-65BFB01A77CF}.Release|Any CPU.ActiveCfg = Release|Any CPU
		{B4DAA84B-BF8C-4704-A85B-65BFB01A77CF}.Release|Any CPU.Build.0 = Release|Any CPU
		{483C55E6-427F-47A9-9FF8-345766D2AA9D}.Debug|Any CPU.ActiveCfg = Debug|Any CPU
		{483C55E6-427F-47A9-9FF8-345766D2AA9D}.Debug|Any CPU.Build.0 = Debug|Any CPU
		{483C55E6-427F-47A9-9FF8-345766D2AA9D}.Release|Any CPU.ActiveCfg = Release|Any CPU
		{483C55E6-427F-47A9-9FF8-345766D2AA9D}.Release|Any CPU.Build.0 = Release|Any CPU
		{CD15F3D8-082D-4FD8-9034-B5992B7AD3BE}.Debug|Any CPU.ActiveCfg = Debug|Any CPU
		{CD15F3D8-082D-4FD8-9034-B5992B7AD3BE}.Debug|Any CPU.Build.0 = Debug|Any CPU
		{CD15F3D8-082D-4FD8-9034-B5992B7AD3BE}.Release|Any CPU.ActiveCfg = Release|Any CPU
		{CD15F3D8-082D-4FD8-9034-B5992B7AD3BE}.Release|Any CPU.Build.0 = Release|Any CPU
		{412ACE16-AE58-4B19-88B1-347A9917EBDC}.Debug|Any CPU.ActiveCfg = Debug|Any CPU
		{412ACE16-AE58-4B19-88B1-347A9917EBDC}.Debug|Any CPU.Build.0 = Debug|Any CPU
		{412ACE16-AE58-4B19-88B1-347A9917EBDC}.Release|Any CPU.ActiveCfg = Release|Any CPU
		{412ACE16-AE58-4B19-88B1-347A9917EBDC}.Release|Any CPU.Build.0 = Release|Any CPU
		{FE57541C-B54D-4B88-8821-E508C1CBB480}.Debug|Any CPU.ActiveCfg = Debug|Any CPU
		{FE57541C-B54D-4B88-8821-E508C1CBB480}.Debug|Any CPU.Build.0 = Debug|Any CPU
		{FE57541C-B54D-4B88-8821-E508C1CBB480}.Release|Any CPU.ActiveCfg = Release|Any CPU
		{FE57541C-B54D-4B88-8821-E508C1CBB480}.Release|Any CPU.Build.0 = Release|Any CPU
	EndGlobalSection
	GlobalSection(SolutionProperties) = preSolution
		HideSolutionNode = FALSE
	EndGlobalSection
	GlobalSection(NestedProjects) = preSolution
		{26752566-F78E-4664-978D-02168DCC7F2B} = {29D512DF-137C-4CDD-BB43-AC541F4F4610}
		{96E4A4EB-6D6F-4E5B-A655-A686414172FA} = {29D512DF-137C-4CDD-BB43-AC541F4F4610}
		{B99B76C1-23BE-45C1-B137-6BAA78F65AB2} = {29D512DF-137C-4CDD-BB43-AC541F4F4610}
		{FE6B69D7-B114-4ED0-A947-FFB0205B299C} = {29D512DF-137C-4CDD-BB43-AC541F4F4610}
		{C7E6CCA6-D926-4C95-B377-5050C9D41B7F} = {29D512DF-137C-4CDD-BB43-AC541F4F4610}
		{B4DAA84B-BF8C-4704-A85B-65BFB01A77CF} = {26752566-F78E-4664-978D-02168DCC7F2B}
		{483C55E6-427F-47A9-9FF8-345766D2AA9D} = {96E4A4EB-6D6F-4E5B-A655-A686414172FA}
		{CD15F3D8-082D-4FD8-9034-B5992B7AD3BE} = {B99B76C1-23BE-45C1-B137-6BAA78F65AB2}
		{D5661BC2-CB6C-4917-8645-70B0AB239205} = {2FAB710A-2F15-45EA-BF83-AAEDFB3644F8}
		{7DA30F94-24F0-4980-839A-9843E06229DA} = {2FAB710A-2F15-45EA-BF83-AAEDFB3644F8}
		{412ACE16-AE58-4B19-88B1-347A9917EBDC} = {7DA30F94-24F0-4980-839A-9843E06229DA}
		{E77B024C-EB4F-4082-8C5F-662BE6DA9BAB} = {2FAB710A-2F15-45EA-BF83-AAEDFB3644F8}
		{51F4D16A-A57F-4051-BA6B-420A28096DBC} = {2FAB710A-2F15-45EA-BF83-AAEDFB3644F8}
		{27AF344C-4E73-4EA9-B632-06CCEAE2CB33} = {2FAB710A-2F15-45EA-BF83-AAEDFB3644F8}
		{740CA88D-991E-492C-81AE-ECA05B6C207E} = {29D512DF-137C-4CDD-BB43-AC541F4F4610}
		{FE57541C-B54D-4B88-8821-E508C1CBB480} = {740CA88D-991E-492C-81AE-ECA05B6C207E}
		{E32270CA-1416-41DA-97F1-0CB807B84E80} = {2FAB710A-2F15-45EA-BF83-AAEDFB3644F8}
	EndGlobalSection
	GlobalSection(ExtensibilityGlobals) = postSolution
		SolutionGuid = {682D505B-7DDC-4334-907B-CD01BE486D45}
	EndGlobalSection
EndGlobal
